// !$*UTF8*$!
{
	archiveVersion = 1;
	classes = {
	};
	objectVersion = 46;
	objects = {

/* Begin PBXBuildFile section */
		3D5136151C5E8C49000677F2 /* AppDelegate.swift in Sources */ = {isa = PBXBuildFile; fileRef = 3D5136141C5E8C49000677F2 /* AppDelegate.swift */; };
		3D51361A1C5E8C49000677F2 /* Main.storyboard in Resources */ = {isa = PBXBuildFile; fileRef = 3D5136181C5E8C49000677F2 /* Main.storyboard */; };
		3D51361C1C5E8C49000677F2 /* Assets.xcassets in Resources */ = {isa = PBXBuildFile; fileRef = 3D51361B1C5E8C49000677F2 /* Assets.xcassets */; };
		3D51361F1C5E8C49000677F2 /* LaunchScreen.storyboard in Resources */ = {isa = PBXBuildFile; fileRef = 3D51361D1C5E8C49000677F2 /* LaunchScreen.storyboard */; };
		3D51362D1C61CC3E000677F2 /* TableViewController.swift in Sources */ = {isa = PBXBuildFile; fileRef = 3D51362C1C61CC3E000677F2 /* TableViewController.swift */; };
		3D51362F1C61CC7F000677F2 /* DetailViewController.swift in Sources */ = {isa = PBXBuildFile; fileRef = 3D51362E1C61CC7F000677F2 /* DetailViewController.swift */; };
		3D5136311C61CF49000677F2 /* XMLParser.swift in Sources */ = {isa = PBXBuildFile; fileRef = 3D5136301C61CF49000677F2 /* XMLParser.swift */; };
		3D5136631C69816E000677F2 /* ImageProvider.swift in Sources */ = {isa = PBXBuildFile; fileRef = 3D5136621C69816E000677F2 /* ImageProvider.swift */; };
		3D5136651C69A739000677F2 /* CustomTableViewCell.swift in Sources */ = {isa = PBXBuildFile; fileRef = 3D5136641C69A739000677F2 /* CustomTableViewCell.swift */; };
/* End PBXBuildFile section */

/* Begin PBXFileReference section */
		3D5136111C5E8C49000677F2 /* XMLParsing.app */ = {isa = PBXFileReference; explicitFileType = wrapper.application; includeInIndex = 0; path = XMLParsing.app; sourceTree = BUILT_PRODUCTS_DIR; };
		3D5136141C5E8C49000677F2 /* AppDelegate.swift */ = {isa = PBXFileReference; lastKnownFileType = sourcecode.swift; path = AppDelegate.swift; sourceTree = "<group>"; };
		3D5136191C5E8C49000677F2 /* Base */ = {isa = PBXFileReference; lastKnownFileType = file.storyboard; name = Base; path = Base.lproj/Main.storyboard; sourceTree = "<group>"; };
		3D51361B1C5E8C49000677F2 /* Assets.xcassets */ = {isa = PBXFileReference; lastKnownFileType = folder.assetcatalog; path = Assets.xcassets; sourceTree = "<group>"; };
		3D51361E1C5E8C49000677F2 /* Base */ = {isa = PBXFileReference; lastKnownFileType = file.storyboard; name = Base; path = Base.lproj/LaunchScreen.storyboard; sourceTree = "<group>"; };
		3D5136201C5E8C49000677F2 /* Info.plist */ = {isa = PBXFileReference; lastKnownFileType = text.plist.xml; path = Info.plist; sourceTree = "<group>"; };
		3D51362C1C61CC3E000677F2 /* TableViewController.swift */ = {isa = PBXFileReference; fileEncoding = 4; lastKnownFileType = sourcecode.swift; path = TableViewController.swift; sourceTree = "<group>"; };
		3D51362E1C61CC7F000677F2 /* DetailViewController.swift */ = {isa = PBXFileReference; fileEncoding = 4; lastKnownFileType = sourcecode.swift; path = DetailViewController.swift; sourceTree = "<group>"; };
		3D5136301C61CF49000677F2 /* XMLParser.swift */ = {isa = PBXFileReference; fileEncoding = 4; lastKnownFileType = sourcecode.swift; path = XMLParser.swift; sourceTree = "<group>"; };
		3D5136621C69816E000677F2 /* ImageProvider.swift */ = {isa = PBXFileReference; fileEncoding = 4; lastKnownFileType = sourcecode.swift; path = ImageProvider.swift; sourceTree = "<group>"; };
		3D5136641C69A739000677F2 /* CustomTableViewCell.swift */ = {isa = PBXFileReference; fileEncoding = 4; lastKnownFileType = sourcecode.swift; path = CustomTableViewCell.swift; sourceTree = "<group>"; };
/* End PBXFileReference section */

/* Begin PBXFrameworksBuildPhase section */
		3D51360E1C5E8C49000677F2 /* Frameworks */ = {
			isa = PBXFrameworksBuildPhase;
			buildActionMask = 2147483647;
			files = (
			);
			runOnlyForDeploymentPostprocessing = 0;
		};
/* End PBXFrameworksBuildPhase section */

/* Begin PBXGroup section */
		3D5136081C5E8C49000677F2 = {
			isa = PBXGroup;
			children = (
				3D5136131C5E8C49000677F2 /* XMLParsing */,
				3D5136121C5E8C49000677F2 /* Products */,
			);
			sourceTree = "<group>";
		};
		3D5136121C5E8C49000677F2 /* Products */ = {
			isa = PBXGroup;
			children = (
				3D5136111C5E8C49000677F2 /* XMLParsing.app */,
			);
			name = Products;
			sourceTree = "<group>";
		};
		3D5136131C5E8C49000677F2 /* XMLParsing */ = {
			isa = PBXGroup;
			children = (
				3D5136621C69816E000677F2 /* ImageProvider.swift */,
				3D5136141C5E8C49000677F2 /* AppDelegate.swift */,
				3D5136181C5E8C49000677F2 /* Main.storyboard */,
				3D51362C1C61CC3E000677F2 /* TableViewController.swift */,
				3D5136301C61CF49000677F2 /* XMLParser.swift */,
				3D5136641C69A739000677F2 /* CustomTableViewCell.swift */,
				3D51362E1C61CC7F000677F2 /* DetailViewController.swift */,
				3D51361B1C5E8C49000677F2 /* Assets.xcassets */,
				3D51361D1C5E8C49000677F2 /* LaunchScreen.storyboard */,
				3D5136201C5E8C49000677F2 /* Info.plist */,
			);
			path = XMLParsing;
			sourceTree = "<group>";
		};
/* End PBXGroup section */

/* Begin PBXNativeTarget section */
		3D5136101C5E8C49000677F2 /* XMLParsing */ = {
			isa = PBXNativeTarget;
			buildConfigurationList = 3D5136231C5E8C49000677F2 /* Build configuration list for PBXNativeTarget "XMLParsing" */;
			buildPhases = (
				3D51360D1C5E8C49000677F2 /* Sources */,
				3D51360E1C5E8C49000677F2 /* Frameworks */,
				3D51360F1C5E8C49000677F2 /* Resources */,
			);
			buildRules = (
			);
			dependencies = (
			);
			name = XMLParsing;
			productName = XMLParsing;
			productReference = 3D5136111C5E8C49000677F2 /* XMLParsing.app */;
			productType = "com.apple.product-type.application";
		};
/* End PBXNativeTarget section */

/* Begin PBXProject section */
		3D5136091C5E8C49000677F2 /* Project object */ = {
			isa = PBXProject;
			attributes = {
				LastSwiftUpdateCheck = 0720;
				LastUpgradeCheck = 0720;
				ORGANIZATIONNAME = "Pravin Kandala";
				TargetAttributes = {
					3D5136101C5E8C49000677F2 = {
						CreatedOnToolsVersion = 7.2;
					};
				};
			};
			buildConfigurationList = 3D51360C1C5E8C49000677F2 /* Build configuration list for PBXProject "XMLParsing" */;
			compatibilityVersion = "Xcode 3.2";
			developmentRegion = English;
			hasScannedForEncodings = 0;
			knownRegions = (
				en,
				Base,
			);
			mainGroup = 3D5136081C5E8C49000677F2;
			productRefGroup = 3D5136121C5E8C49000677F2 /* Products */;
			projectDirPath = "";
			projectRoot = "";
			targets = (
				3D5136101C5E8C49000677F2 /* XMLParsing */,
			);
		};
/* End PBXProject section */

/* Begin PBXResourcesBuildPhase section */
		3D51360F1C5E8C49000677F2 /* Resources */ = {
			isa = PBXResourcesBuildPhase;
			buildActionMask = 2147483647;
			files = (
				3D51361F1C5E8C49000677F2 /* LaunchScreen.storyboard in Resources */,
				3D51361C1C5E8C49000677F2 /* Assets.xcassets in Resources */,
				3D51361A1C5E8C49000677F2 /* Main.storyboard in Resources */,
			);
			runOnlyForDeploymentPostprocessing = 0;
		};
/* End PBXResourcesBuildPhase section */

/* Begin PBXSourcesBuildPhase section */
		3D51360D1C5E8C49000677F2 /* Sources */ = {
			isa = PBXSourcesBuildPhase;
			buildActionMask = 2147483647;
			files = (
				3D5136651C69A739000677F2 /* CustomTableViewCell.swift in Sources */,
				3D5136631C69816E000677F2 /* ImageProvider.swift in Sources */,
				3D5136311C61CF49000677F2 /* XMLParser.swift in Sources */,
				3D51362F1C61CC7F000677F2 /* DetailViewController.swift in Sources */,
				3D5136151C5E8C49000677F2 /* AppDelegate.swift in Sources */,
				3D51362D1C61CC3E000677F2 /* TableViewController.swift in Sources */,
			);
			runOnlyForDeploymentPostprocessing = 0;
		};
/* End PBXSourcesBuildPhase section */

/* Begin PBXVariantGroup section */
		3D5136181C5E8C49000677F2 /* Main.storyboard */ = {
			isa = PBXVariantGroup;
			children = (
				3D5136191C5E8C49000677F2 /* Base */,
			);
			name = Main.storyboard;
			sourceTree = "<group>";
		};
		3D51361D1C5E8C49000677F2 /* LaunchScreen.storyboard */ = {
			isa = PBXVariantGroup;
			children = (
				3D51361E1C5E8C49000677F2 /* Base */,
			);
			name = LaunchScreen.storyboard;
			sourceTree = "<group>";
		};
/* End PBXVariantGroup section */

/* Begin XCBuildConfiguration section */
		3D5136211C5E8C49000677F2 /* Debug */ = {
			isa = XCBuildConfiguration;
			buildSettings = {
				ALWAYS_SEARCH_USER_PATHS = NO;
				CLANG_CXX_LANGUAGE_STANDARD = "gnu++0x";
				CLANG_CXX_LIBRARY = "libc++";
				CLANG_ENABLE_MODULES = YES;
				CLANG_ENABLE_OBJC_ARC = YES;
				CLANG_WARN_BOOL_CONVERSION = YES;
				CLANG_WARN_CONSTANT_CONVERSION = YES;
				CLANG_WARN_DIRECT_OBJC_ISA_USAGE = YES_ERROR;
				CLANG_WARN_EMPTY_BODY = YES;
				CLANG_WARN_ENUM_CONVERSION = YES;
				CLANG_WARN_INT_CONVERSION = YES;
				CLANG_WARN_OBJC_ROOT_CLASS = YES_ERROR;
				CLANG_WARN_UNREACHABLE_CODE = YES;
				CLANG_WARN__DUPLICATE_METHOD_MATCH = YES;
				"CODE_SIGN_IDENTITY[sdk=iphoneos*]" = "iPhone Developer";
				COPY_PHASE_STRIP = NO;
				DEBUG_INFORMATION_FORMAT = dwarf;
				ENABLE_STRICT_OBJC_MSGSEND = YES;
				ENABLE_TESTABILITY = YES;
				GCC_C_LANGUAGE_STANDARD = gnu99;
				GCC_DYNAMIC_NO_PIC = NO;
				GCC_NO_COMMON_BLOCKS = YES;
				GCC_OPTIMIZATION_LEVEL = 0;
				GCC_PREPROCESSOR_DEFINITIONS = (
					"DEBUG=1",
					"$(inherited)",
				);
				GCC_WARN_64_TO_32_BIT_CONVERSION = YES;
				GCC_WARN_ABOUT_RETURN_TYPE = YES_ERROR;
				GCC_WARN_UNDECLARED_SELECTOR = YES;
				GCC_WARN_UNINITIALIZED_AUTOS = YES_AGGRESSIVE;
				GCC_WARN_UNUSED_FUNCTION = YES;
				GCC_WARN_UNUSED_VARIABLE = YES;
				IPHONEOS_DEPLOYMENT_TARGET = 9.2;
				MTL_ENABLE_DEBUG_INFO = YES;
				ONLY_ACTIVE_ARCH = YES;
				SDKROOT = iphoneos;
				SWIFT_OPTIMIZATION_LEVEL = "-Onone";
				TARGETED_DEVICE_FAMILY = "1,2";
			};
			name = Debug;
		};
		3D5136221C5E8C49000677F2 /* Release */ = {
			isa = XCBuildConfiguration;
			buildSettings = {
				ALWAYS_SEARCH_USER_PATHS = NO;
				CLANG_CXX_LANGUAGE_STANDARD = "gnu++0x";
				CLANG_CXX_LIBRARY = "libc++";
				CLANG_ENABLE_MODULES = YES;
				CLANG_ENABLE_OBJC_ARC = YES;
				CLANG_WARN_BOOL_CONVERSION = YES;
				CLANG_WARN_CONSTANT_CONVERSION = YES;
				CLANG_WARN_DIRECT_OBJC_ISA_USAGE = YES_ERROR;
				CLANG_WARN_EMPTY_BODY = YES;
				CLANG_WARN_ENUM_CONVERSION = YES;
				CLANG_WARN_INT_CONVERSION = YES;
				CLANG_WARN_OBJC_ROOT_CLASS = YES_ERROR;
				CLANG_WARN_UNREACHABLE_CODE = YES;
				CLANG_WARN__DUPLICATE_METHOD_MATCH = YES;
				"CODE_SIGN_IDENTITY[sdk=iphoneos*]" = "iPhone Developer";
				COPY_PHASE_STRIP = NO;
				DEBUG_INFORMATION_FORMAT = "dwarf-with-dsym";
				ENABLE_NS_ASSERTIONS = NO;
				ENABLE_STRICT_OBJC_MSGSEND = YES;
				GCC_C_LANGUAGE_STANDARD = gnu99;
				GCC_NO_COMMON_BLOCKS = YES;
				GCC_WARN_64_TO_32_BIT_CONVERSION = YES;
				GCC_WARN_ABOUT_RETURN_TYPE = YES_ERROR;
				GCC_WARN_UNDECLARED_SELECTOR = YES;
				GCC_WARN_UNINITIALIZED_AUTOS = YES_AGGRESSIVE;
				GCC_WARN_UNUSED_FUNCTION = YES;
				GCC_WARN_UNUSED_VARIABLE = YES;
				IPHONEOS_DEPLOYMENT_TARGET = 9.2;
				MTL_ENABLE_DEBUG_INFO = NO;
				SDKROOT = iphoneos;
				TARGETED_DEVICE_FAMILY = "1,2";
				VALIDATE_PRODUCT = YES;
			};
			name = Release;
		};
		3D5136241C5E8C49000677F2 /* Debug */ = {
			isa = XCBuildConfiguration;
			buildSettings = {
				ASSETCATALOG_COMPILER_APPICON_NAME = AppIcon;
				INFOPLIST_FILE = XMLParsing/Info.plist;
				LD_RUNPATH_SEARCH_PATHS = "$(inherited) @executable_path/Frameworks";
				PRODUCT_BUNDLE_IDENTIFIER = edu.niu.cs.z1761257.XMLParsing;
				PRODUCT_NAME = "$(TARGET_NAME)";
			};
			name = Debug;
		};
		3D5136251C5E8C49000677F2 /* Release */ = {
			isa = XCBuildConfiguration;
			buildSettings = {
				ASSETCATALOG_COMPILER_APPICON_NAME = AppIcon;
				INFOPLIST_FILE = XMLParsing/Info.plist;
				LD_RUNPATH_SEARCH_PATHS = "$(inherited) @executable_path/Frameworks";
				PRODUCT_BUNDLE_IDENTIFIER = edu.niu.cs.z1761257.XMLParsing;
				PRODUCT_NAME = "$(TARGET_NAME)";
			};
			name = Release;
		};
/* End XCBuildConfiguration section */

/* Begin XCConfigurationList section */
		3D51360C1C5E8C49000677F2 /* Build configuration list for PBXProject "XMLParsing" */ = {
			isa = XCConfigurationList;
			buildConfigurations = (
				3D5136211C5E8C49000677F2 /* Debug */,
				3D5136221C5E8C49000677F2 /* Release */,
			);
			defaultConfigurationIsVisible = 0;
			defaultConfigurationName = Release;
		};
		3D5136231C5E8C49000677F2 /* Build configuration list for PBXNativeTarget "XMLParsing" */ = {
			isa = XCConfigurationList;
			buildConfigurations = (
				3D5136241C5E8C49000677F2 /* Debug */,
				3D5136251C5E8C49000677F2 /* Release */,
			);
			defaultConfigurationIsVisible = 0;
			defaultConfigurationName = Release;
		};
/* End XCConfigurationList section */
	};
	rootObject = 3D5136091C5E8C49000677F2 /* Project object */;
}
